
Microsoft Visual Studio Solution File, Format Version 12.00
# Visual Studio Version 17
VisualStudioVersion = 17.6.33829.357
MinimumVisualStudioVersion = 10.0.40219.1
Project("{FAE04EC0-301F-11D3-BF4B-00C04F79EFBC}") = "Online Market Search System", "Online Market Search System\Online Market Search System.csproj", "{B2F6DEFF-6A7F-43EC-9A7D-538D9A32F249}"
EndProject
Global
	GlobalSection(SolutionConfigurationPlatforms) = preSolution
		Debug|Any CPU = Debug|Any CPU
		Release|Any CPU = Release|Any CPU
	EndGlobalSection
	GlobalSection(ProjectConfigurationPlatforms) = postSolution
		{B2F6DEFF-6A7F-43EC-9A7D-538D9A32F249}.Debug|Any CPU.ActiveCfg = Debug|Any CPU
		{B2F6DEFF-6A7F-43EC-9A7D-538D9A32F249}.Debug|Any CPU.Build.0 = Debug|Any CPU
		{B2F6DEFF-6A7F-43EC-9A7D-538D9A32F249}.Release|Any CPU.ActiveCfg = Release|Any CPU
		{B2F6DEFF-6A7F-43EC-9A7D-538D9A32F249}.Release|Any CPU.Build.0 = Release|Any CPU
	EndGlobalSection
	GlobalSection(SolutionProperties) = preSolution
		HideSolutionNode = FALSE
	EndGlobalSection
	GlobalSection(ExtensibilityGlobals) = postSolution
		SolutionGuid = {E052B13F-C261-4DBD-9EA0-C6DA614996C9}
	EndGlobalSection
EndGlobal
